// !$*UTF8*$!
{
	archiveVersion = 1;
	classes = {
	};
	objectVersion = 46;
	objects = {

/* Begin PBXBuildFile section */
		D824AE521977546800B4A318 /* WorkModel.swift in Sources */ = {isa = PBXBuildFile; fileRef = D824AE511977546800B4A318 /* WorkModel.swift */; };
		D824AE55197755BC00B4A318 /* EducationModel.swift in Sources */ = {isa = PBXBuildFile; fileRef = D824AE531977552700B4A318 /* EducationModel.swift */; };
		D854E85E1980B860004A895F /* Constants.swift in Sources */ = {isa = PBXBuildFile; fileRef = D854E85D1980B860004A895F /* Constants.swift */; };
		D8BA6CC31977379C0086B737 /* AppDelegate.swift in Sources */ = {isa = PBXBuildFile; fileRef = D8BA6CC21977379C0086B737 /* AppDelegate.swift */; };
		D8BA6CC51977379C0086B737 /* ViewController.swift in Sources */ = {isa = PBXBuildFile; fileRef = D8BA6CC41977379C0086B737 /* ViewController.swift */; };
		D8BA6CC81977379C0086B737 /* Main.storyboard in Resources */ = {isa = PBXBuildFile; fileRef = D8BA6CC61977379C0086B737 /* Main.storyboard */; };
		D8BA6CCA1977379C0086B737 /* Images.xcassets in Resources */ = {isa = PBXBuildFile; fileRef = D8BA6CC91977379C0086B737 /* Images.xcassets */; };
		D8BA6CD61977379C0086B737 /* ResumodTests.swift in Sources */ = {isa = PBXBuildFile; fileRef = D8BA6CD51977379C0086B737 /* ResumodTests.swift */; };
		D8BA6CE0197738DD0086B737 /* ResumeModel.swift in Sources */ = {isa = PBXBuildFile; fileRef = D8BA6CDF197738DD0086B737 /* ResumeModel.swift */; };
		D8BA6CE319773AA30086B737 /* BioModel.swift in Sources */ = {isa = PBXBuildFile; fileRef = D8BA6CE219773AA30086B737 /* BioModel.swift */; };
		D8C15AA41980BFE20013A8A0 /* Constants.swift in Sources */ = {isa = PBXBuildFile; fileRef = D854E85D1980B860004A895F /* Constants.swift */; };
		D8C8794A1979FD030070ACAA /* SkillsModel.swift in Sources */ = {isa = PBXBuildFile; fileRef = D8C879491979FD030070ACAA /* SkillsModel.swift */; };
		D8C8794C197A06AA0070ACAA /* DataManager.swift in Sources */ = {isa = PBXBuildFile; fileRef = D8C8794B197A06AA0070ACAA /* DataManager.swift */; };
		D8F1608919802CFD0006C0C7 /* DataManagerTest.swift in Sources */ = {isa = PBXBuildFile; fileRef = D8F1608819802CFD0006C0C7 /* DataManagerTest.swift */; };
		D8F1608F19803F280006C0C7 /* DataManager.swift in Sources */ = {isa = PBXBuildFile; fileRef = D8C8794B197A06AA0070ACAA /* DataManager.swift */; };
		D8F160981980443D0006C0C7 /* AppDelegate.swift in Sources */ = {isa = PBXBuildFile; fileRef = D8BA6CC21977379C0086B737 /* AppDelegate.swift */; };
		D8F160991980443D0006C0C7 /* ViewController.swift in Sources */ = {isa = PBXBuildFile; fileRef = D8BA6CC41977379C0086B737 /* ViewController.swift */; };
		D8F1609A1980443D0006C0C7 /* ResumeModel.swift in Sources */ = {isa = PBXBuildFile; fileRef = D8BA6CDF197738DD0086B737 /* ResumeModel.swift */; };
		D8F1609B1980443D0006C0C7 /* BioModel.swift in Sources */ = {isa = PBXBuildFile; fileRef = D8BA6CE219773AA30086B737 /* BioModel.swift */; };
		D8F1609C1980443D0006C0C7 /* WorkModel.swift in Sources */ = {isa = PBXBuildFile; fileRef = D824AE511977546800B4A318 /* WorkModel.swift */; };
		D8F1609D1980443D0006C0C7 /* EducationModel.swift in Sources */ = {isa = PBXBuildFile; fileRef = D824AE531977552700B4A318 /* EducationModel.swift */; };
		D8F1609E1980443D0006C0C7 /* SkillsModel.swift in Sources */ = {isa = PBXBuildFile; fileRef = D8C879491979FD030070ACAA /* SkillsModel.swift */; };
		D8F160A2198046AD0006C0C7 /* ExampleResume.json in Resources */ = {isa = PBXBuildFile; fileRef = D8F160A1198046AD0006C0C7 /* ExampleResume.json */; };
		D8F160A3198046AD0006C0C7 /* ExampleResume.json in Resources */ = {isa = PBXBuildFile; fileRef = D8F160A1198046AD0006C0C7 /* ExampleResume.json */; };
		D8F160A5198047810006C0C7 /* ResumeTest.swift in Sources */ = {isa = PBXBuildFile; fileRef = D8F160A4198047810006C0C7 /* ResumeTest.swift */; };
/* End PBXBuildFile section */

/* Begin PBXContainerItemProxy section */
		D8F1608A19802D960006C0C7 /* PBXContainerItemProxy */ = {
			isa = PBXContainerItemProxy;
			containerPortal = D8BA6CB51977379C0086B737 /* Project object */;
			proxyType = 1;
			remoteGlobalIDString = D8BA6CBC1977379C0086B737;
			remoteInfo = Resumod;
		};
		D8F1608C19802D960006C0C7 /* PBXContainerItemProxy */ = {
			isa = PBXContainerItemProxy;
			containerPortal = D8BA6CB51977379C0086B737 /* Project object */;
			proxyType = 1;
			remoteGlobalIDString = D8BA6CBC1977379C0086B737;
			remoteInfo = Resumod;
		};
/* End PBXContainerItemProxy section */

/* Begin PBXFileReference section */
		D824AE511977546800B4A318 /* WorkModel.swift */ = {isa = PBXFileReference; fileEncoding = 4; lastKnownFileType = sourcecode.swift; path = WorkModel.swift; sourceTree = "<group>"; };
		D824AE531977552700B4A318 /* EducationModel.swift */ = {isa = PBXFileReference; fileEncoding = 4; lastKnownFileType = sourcecode.swift; path = EducationModel.swift; sourceTree = "<group>"; };
		D854E85D1980B860004A895F /* Constants.swift */ = {isa = PBXFileReference; fileEncoding = 4; lastKnownFileType = sourcecode.swift; path = Constants.swift; sourceTree = "<group>"; };
		D8BA6CBD1977379C0086B737 /* Resumod.app */ = {isa = PBXFileReference; explicitFileType = wrapper.application; includeInIndex = 0; path = Resumod.app; sourceTree = BUILT_PRODUCTS_DIR; };
		D8BA6CC11977379C0086B737 /* Info.plist */ = {isa = PBXFileReference; lastKnownFileType = text.plist.xml; path = Info.plist; sourceTree = "<group>"; };
		D8BA6CC21977379C0086B737 /* AppDelegate.swift */ = {isa = PBXFileReference; lastKnownFileType = sourcecode.swift; path = AppDelegate.swift; sourceTree = "<group>"; };
		D8BA6CC41977379C0086B737 /* ViewController.swift */ = {isa = PBXFileReference; lastKnownFileType = sourcecode.swift; path = ViewController.swift; sourceTree = "<group>"; };
		D8BA6CC71977379C0086B737 /* Base */ = {isa = PBXFileReference; lastKnownFileType = file.storyboard; name = Base; path = Base.lproj/Main.storyboard; sourceTree = "<group>"; };
		D8BA6CC91977379C0086B737 /* Images.xcassets */ = {isa = PBXFileReference; lastKnownFileType = folder.assetcatalog; path = Images.xcassets; sourceTree = "<group>"; };
		D8BA6CCF1977379C0086B737 /* ResumodTests.xctest */ = {isa = PBXFileReference; explicitFileType = wrapper.cfbundle; includeInIndex = 0; path = ResumodTests.xctest; sourceTree = BUILT_PRODUCTS_DIR; };
		D8BA6CD41977379C0086B737 /* Info.plist */ = {isa = PBXFileReference; lastKnownFileType = text.plist.xml; path = Info.plist; sourceTree = "<group>"; };
		D8BA6CD51977379C0086B737 /* ResumodTests.swift */ = {isa = PBXFileReference; lastKnownFileType = sourcecode.swift; path = ResumodTests.swift; sourceTree = "<group>"; };
		D8BA6CDF197738DD0086B737 /* ResumeModel.swift */ = {isa = PBXFileReference; fileEncoding = 4; lastKnownFileType = sourcecode.swift; path = ResumeModel.swift; sourceTree = "<group>"; };
		D8BA6CE219773AA30086B737 /* BioModel.swift */ = {isa = PBXFileReference; fileEncoding = 4; lastKnownFileType = sourcecode.swift; path = BioModel.swift; sourceTree = "<group>"; };
		D8C879491979FD030070ACAA /* SkillsModel.swift */ = {isa = PBXFileReference; fileEncoding = 4; lastKnownFileType = sourcecode.swift; path = SkillsModel.swift; sourceTree = "<group>"; };
		D8C8794B197A06AA0070ACAA /* DataManager.swift */ = {isa = PBXFileReference; fileEncoding = 4; lastKnownFileType = sourcecode.swift; path = DataManager.swift; sourceTree = "<group>"; };
		D8F1608819802CFD0006C0C7 /* DataManagerTest.swift */ = {isa = PBXFileReference; fileEncoding = 4; lastKnownFileType = sourcecode.swift; path = DataManagerTest.swift; sourceTree = "<group>"; };
		D8F160A1198046AD0006C0C7 /* ExampleResume.json */ = {isa = PBXFileReference; fileEncoding = 4; lastKnownFileType = text.json; path = ExampleResume.json; sourceTree = "<group>"; };
		D8F160A4198047810006C0C7 /* ResumeTest.swift */ = {isa = PBXFileReference; fileEncoding = 4; lastKnownFileType = sourcecode.swift; path = ResumeTest.swift; sourceTree = "<group>"; };
/* End PBXFileReference section */

/* Begin PBXFrameworksBuildPhase section */
		D8BA6CBA1977379C0086B737 /* Frameworks */ = {
			isa = PBXFrameworksBuildPhase;
			buildActionMask = 2147483647;
			files = (
			);
			runOnlyForDeploymentPostprocessing = 0;
		};
		D8BA6CCC1977379C0086B737 /* Frameworks */ = {
			isa = PBXFrameworksBuildPhase;
			buildActionMask = 2147483647;
			files = (
			);
			runOnlyForDeploymentPostprocessing = 0;
		};
/* End PBXFrameworksBuildPhase section */

/* Begin PBXGroup section */
		D8BA6CB41977379C0086B737 = {
			isa = PBXGroup;
			children = (
				D8BA6CBF1977379C0086B737 /* Resumod */,
				D8BA6CD21977379C0086B737 /* ResumodTests */,
				D8BA6CBE1977379C0086B737 /* Products */,
			);
			sourceTree = "<group>";
		};
		D8BA6CBE1977379C0086B737 /* Products */ = {
			isa = PBXGroup;
			children = (
				D8BA6CBD1977379C0086B737 /* Resumod.app */,
				D8BA6CCF1977379C0086B737 /* ResumodTests.xctest */,
			);
			name = Products;
			sourceTree = "<group>";
		};
		D8BA6CBF1977379C0086B737 /* Resumod */ = {
			isa = PBXGroup;
			children = (
				D8BA6CC21977379C0086B737 /* AppDelegate.swift */,
				D8BA6CC41977379C0086B737 /* ViewController.swift */,
				D8BA6CC61977379C0086B737 /* Main.storyboard */,
				D8C8794B197A06AA0070ACAA /* DataManager.swift */,
				D8F160A1198046AD0006C0C7 /* ExampleResume.json */,
				D854E85D1980B860004A895F /* Constants.swift */,
				D8BA6CC91977379C0086B737 /* Images.xcassets */,
				D8BA6CC01977379C0086B737 /* Supporting Files */,
				D8BA6CE119773A970086B737 /* Models */,
			);
			path = Resumod;
			sourceTree = "<group>";
		};
		D8BA6CC01977379C0086B737 /* Supporting Files */ = {
			isa = PBXGroup;
			children = (
				D8BA6CC11977379C0086B737 /* Info.plist */,
			);
			name = "Supporting Files";
			sourceTree = "<group>";
		};
		D8BA6CD21977379C0086B737 /* ResumodTests */ = {
			isa = PBXGroup;
			children = (
				D8BA6CD51977379C0086B737 /* ResumodTests.swift */,
				D8F1608819802CFD0006C0C7 /* DataManagerTest.swift */,
				D8F160A4198047810006C0C7 /* ResumeTest.swift */,
				D8BA6CD31977379C0086B737 /* Supporting Files */,
			);
			path = ResumodTests;
			sourceTree = "<group>";
		};
		D8BA6CD31977379C0086B737 /* Supporting Files */ = {
			isa = PBXGroup;
			children = (
				D8BA6CD41977379C0086B737 /* Info.plist */,
			);
			name = "Supporting Files";
			sourceTree = "<group>";
		};
		D8BA6CE119773A970086B737 /* Models */ = {
			isa = PBXGroup;
			children = (
				D8BA6CDF197738DD0086B737 /* ResumeModel.swift */,
				D8BA6CE219773AA30086B737 /* BioModel.swift */,
				D824AE511977546800B4A318 /* WorkModel.swift */,
				D824AE531977552700B4A318 /* EducationModel.swift */,
				D8C879491979FD030070ACAA /* SkillsModel.swift */,
			);
			name = Models;
			sourceTree = "<group>";
		};
/* End PBXGroup section */

/* Begin PBXNativeTarget section */
		D8BA6CBC1977379C0086B737 /* Resumod */ = {
			isa = PBXNativeTarget;
			buildConfigurationList = D8BA6CD91977379C0086B737 /* Build configuration list for PBXNativeTarget "Resumod" */;
			buildPhases = (
				D8BA6CB91977379C0086B737 /* Sources */,
				D8BA6CBA1977379C0086B737 /* Frameworks */,
				D8BA6CBB1977379C0086B737 /* Resources */,
			);
			buildRules = (
			);
			dependencies = (
			);
			name = Resumod;
			productName = Resumod;
			productReference = D8BA6CBD1977379C0086B737 /* Resumod.app */;
			productType = "com.apple.product-type.application";
		};
		D8BA6CCE1977379C0086B737 /* ResumodTests */ = {
			isa = PBXNativeTarget;
			buildConfigurationList = D8BA6CDC1977379C0086B737 /* Build configuration list for PBXNativeTarget "ResumodTests" */;
			buildPhases = (
				D8BA6CCB1977379C0086B737 /* Sources */,
				D8BA6CCC1977379C0086B737 /* Frameworks */,
				D8BA6CCD1977379C0086B737 /* Resources */,
			);
			buildRules = (
			);
			dependencies = (
				D8F1608B19802D960006C0C7 /* PBXTargetDependency */,
				D8F1608D19802D960006C0C7 /* PBXTargetDependency */,
			);
			name = ResumodTests;
			productName = ResumodTests;
			productReference = D8BA6CCF1977379C0086B737 /* ResumodTests.xctest */;
			productType = "com.apple.product-type.bundle.unit-test";
		};
/* End PBXNativeTarget section */

/* Begin PBXProject section */
		D8BA6CB51977379C0086B737 /* Project object */ = {
			isa = PBXProject;
			attributes = {
				LastUpgradeCheck = 0600;
				ORGANIZATIONNAME = "Joseph Neuman";
				TargetAttributes = {
					D8BA6CBC1977379C0086B737 = {
						CreatedOnToolsVersion = 6.0;
					};
					D8BA6CCE1977379C0086B737 = {
						CreatedOnToolsVersion = 6.0;
						TestTargetID = D8BA6CBC1977379C0086B737;
					};
				};
			};
			buildConfigurationList = D8BA6CB81977379C0086B737 /* Build configuration list for PBXProject "Resumod" */;
			compatibilityVersion = "Xcode 3.2";
			developmentRegion = English;
			hasScannedForEncodings = 0;
			knownRegions = (
				en,
				Base,
			);
			mainGroup = D8BA6CB41977379C0086B737;
			productRefGroup = D8BA6CBE1977379C0086B737 /* Products */;
			projectDirPath = "";
			projectRoot = "";
			targets = (
				D8BA6CBC1977379C0086B737 /* Resumod */,
				D8BA6CCE1977379C0086B737 /* ResumodTests */,
			);
		};
/* End PBXProject section */

/* Begin PBXResourcesBuildPhase section */
		D8BA6CBB1977379C0086B737 /* Resources */ = {
			isa = PBXResourcesBuildPhase;
			buildActionMask = 2147483647;
			files = (
				D8F160A2198046AD0006C0C7 /* ExampleResume.json in Resources */,
				D8BA6CC81977379C0086B737 /* Main.storyboard in Resources */,
				D8BA6CCA1977379C0086B737 /* Images.xcassets in Resources */,
			);
			runOnlyForDeploymentPostprocessing = 0;
		};
		D8BA6CCD1977379C0086B737 /* Resources */ = {
			isa = PBXResourcesBuildPhase;
			buildActionMask = 2147483647;
			files = (
				D8F160A3198046AD0006C0C7 /* ExampleResume.json in Resources */,
			);
			runOnlyForDeploymentPostprocessing = 0;
		};
/* End PBXResourcesBuildPhase section */

/* Begin PBXSourcesBuildPhase section */
		D8BA6CB91977379C0086B737 /* Sources */ = {
			isa = PBXSourcesBuildPhase;
			buildActionMask = 2147483647;
			files = (
				D824AE55197755BC00B4A318 /* EducationModel.swift in Sources */,
				D8C8794C197A06AA0070ACAA /* DataManager.swift in Sources */,
				D824AE521977546800B4A318 /* WorkModel.swift in Sources */,
				D8BA6CE319773AA30086B737 /* BioModel.swift in Sources */,
				D8C8794A1979FD030070ACAA /* SkillsModel.swift in Sources */,
				D8BA6CC51977379C0086B737 /* ViewController.swift in Sources */,
				D8BA6CE0197738DD0086B737 /* ResumeModel.swift in Sources */,
				D8BA6CC31977379C0086B737 /* AppDelegate.swift in Sources */,
				D854E85E1980B860004A895F /* Constants.swift in Sources */,
			);
			runOnlyForDeploymentPostprocessing = 0;
		};
		D8BA6CCB1977379C0086B737 /* Sources */ = {
			isa = PBXSourcesBuildPhase;
			buildActionMask = 2147483647;
			files = (
				D8F160981980443D0006C0C7 /* AppDelegate.swift in Sources */,
				D8F160A5198047810006C0C7 /* ResumeTest.swift in Sources */,
				D8F160991980443D0006C0C7 /* ViewController.swift in Sources */,
				D8F1609A1980443D0006C0C7 /* ResumeModel.swift in Sources */,
				D8F1609B1980443D0006C0C7 /* BioModel.swift in Sources */,
				D8F1609C1980443D0006C0C7 /* WorkModel.swift in Sources */,
				D8F1609D1980443D0006C0C7 /* EducationModel.swift in Sources */,
				D8F1609E1980443D0006C0C7 /* SkillsModel.swift in Sources */,
				D8F1608F19803F280006C0C7 /* DataManager.swift in Sources */,
				D8BA6CD61977379C0086B737 /* ResumodTests.swift in Sources */,
				D8F1608919802CFD0006C0C7 /* DataManagerTest.swift in Sources */,
				D8C15AA41980BFE20013A8A0 /* Constants.swift in Sources */,
			);
			runOnlyForDeploymentPostprocessing = 0;
		};
/* End PBXSourcesBuildPhase section */

/* Begin PBXTargetDependency section */
		D8F1608B19802D960006C0C7 /* PBXTargetDependency */ = {
			isa = PBXTargetDependency;
			target = D8BA6CBC1977379C0086B737 /* Resumod */;
			targetProxy = D8F1608A19802D960006C0C7 /* PBXContainerItemProxy */;
		};
		D8F1608D19802D960006C0C7 /* PBXTargetDependency */ = {
			isa = PBXTargetDependency;
			target = D8BA6CBC1977379C0086B737 /* Resumod */;
			targetProxy = D8F1608C19802D960006C0C7 /* PBXContainerItemProxy */;
		};
/* End PBXTargetDependency section */

/* Begin PBXVariantGroup section */
		D8BA6CC61977379C0086B737 /* Main.storyboard */ = {
			isa = PBXVariantGroup;
			children = (
				D8BA6CC71977379C0086B737 /* Base */,
			);
			name = Main.storyboard;
			sourceTree = "<group>";
		};
/* End PBXVariantGroup section */

/* Begin XCBuildConfiguration section */
		D8BA6CD71977379C0086B737 /* Debug */ = {
			isa = XCBuildConfiguration;
			buildSettings = {
				ALWAYS_SEARCH_USER_PATHS = NO;
				CLANG_CXX_LANGUAGE_STANDARD = "gnu++0x";
				CLANG_CXX_LIBRARY = "libc++";
				CLANG_ENABLE_MODULES = YES;
				CLANG_ENABLE_OBJC_ARC = YES;
				CLANG_WARN_BOOL_CONVERSION = YES;
				CLANG_WARN_CONSTANT_CONVERSION = YES;
				CLANG_WARN_DIRECT_OBJC_ISA_USAGE = YES_ERROR;
				CLANG_WARN_EMPTY_BODY = YES;
				CLANG_WARN_ENUM_CONVERSION = YES;
				CLANG_WARN_INT_CONVERSION = YES;
				CLANG_WARN_OBJC_ROOT_CLASS = YES_ERROR;
				CLANG_WARN_UNREACHABLE_CODE = YES;
				CLANG_WARN__DUPLICATE_METHOD_MATCH = YES;
				"CODE_SIGN_IDENTITY[sdk=iphoneos*]" = "iPhone Developer";
				COPY_PHASE_STRIP = NO;
				ENABLE_STRICT_OBJC_MSGSEND = YES;
				GCC_C_LANGUAGE_STANDARD = gnu99;
				GCC_DYNAMIC_NO_PIC = NO;
				GCC_OPTIMIZATION_LEVEL = 0;
				GCC_PREPROCESSOR_DEFINITIONS = (
					"DEBUG=1",
					"$(inherited)",
				);
				GCC_SYMBOLS_PRIVATE_EXTERN = NO;
				GCC_WARN_64_TO_32_BIT_CONVERSION = YES;
				GCC_WARN_ABOUT_RETURN_TYPE = YES_ERROR;
				GCC_WARN_UNDECLARED_SELECTOR = YES;
				GCC_WARN_UNINITIALIZED_AUTOS = YES_AGGRESSIVE;
				GCC_WARN_UNUSED_FUNCTION = YES;
				GCC_WARN_UNUSED_VARIABLE = YES;
				IPHONEOS_DEPLOYMENT_TARGET = 8.0;
				MTL_ENABLE_DEBUG_INFO = YES;
				ONLY_ACTIVE_ARCH = YES;
				SDKROOT = iphoneos;
				SWIFT_OPTIMIZATION_LEVEL = "-Onone";
			};
			name = Debug;
		};
		D8BA6CD81977379C0086B737 /* Release */ = {
			isa = XCBuildConfiguration;
			buildSettings = {
				ALWAYS_SEARCH_USER_PATHS = NO;
				CLANG_CXX_LANGUAGE_STANDARD = "gnu++0x";
				CLANG_CXX_LIBRARY = "libc++";
				CLANG_ENABLE_MODULES = YES;
				CLANG_ENABLE_OBJC_ARC = YES;
				CLANG_WARN_BOOL_CONVERSION = YES;
				CLANG_WARN_CONSTANT_CONVERSION = YES;
				CLANG_WARN_DIRECT_OBJC_ISA_USAGE = YES_ERROR;
				CLANG_WARN_EMPTY_BODY = YES;
				CLANG_WARN_ENUM_CONVERSION = YES;
				CLANG_WARN_INT_CONVERSION = YES;
				CLANG_WARN_OBJC_ROOT_CLASS = YES_ERROR;
				CLANG_WARN_UNREACHABLE_CODE = YES;
				CLANG_WARN__DUPLICATE_METHOD_MATCH = YES;
				"CODE_SIGN_IDENTITY[sdk=iphoneos*]" = "iPhone Developer";
				COPY_PHASE_STRIP = YES;
				ENABLE_NS_ASSERTIONS = NO;
				ENABLE_STRICT_OBJC_MSGSEND = YES;
				GCC_C_LANGUAGE_STANDARD = gnu99;
				GCC_WARN_64_TO_32_BIT_CONVERSION = YES;
				GCC_WARN_ABOUT_RETURN_TYPE = YES_ERROR;
				GCC_WARN_UNDECLARED_SELECTOR = YES;
				GCC_WARN_UNINITIALIZED_AUTOS = YES_AGGRESSIVE;
				GCC_WARN_UNUSED_FUNCTION = YES;
				GCC_WARN_UNUSED_VARIABLE = YES;
				IPHONEOS_DEPLOYMENT_TARGET = 8.0;
				MTL_ENABLE_DEBUG_INFO = NO;
				SDKROOT = iphoneos;
				VALIDATE_PRODUCT = YES;
			};
			name = Release;
		};
		D8BA6CDA1977379C0086B737 /* Debug */ = {
			isa = XCBuildConfiguration;
			buildSettings = {
				ASSETCATALOG_COMPILER_APPICON_NAME = AppIcon;
				ASSETCATALOG_COMPILER_LAUNCHIMAGE_NAME = LaunchImage;
				INFOPLIST_FILE = Resumod/Info.plist;
				IPHONEOS_DEPLOYMENT_TARGET = 7.0;
				LD_RUNPATH_SEARCH_PATHS = "$(inherited) @executable_path/Frameworks";
				PRODUCT_NAME = "$(TARGET_NAME)";
			};
			name = Debug;
		};
		D8BA6CDB1977379C0086B737 /* Release */ = {
			isa = XCBuildConfiguration;
			buildSettings = {
				ASSETCATALOG_COMPILER_APPICON_NAME = AppIcon;
				ASSETCATALOG_COMPILER_LAUNCHIMAGE_NAME = LaunchImage;
				INFOPLIST_FILE = Resumod/Info.plist;
				IPHONEOS_DEPLOYMENT_TARGET = 7.0;
				LD_RUNPATH_SEARCH_PATHS = "$(inherited) @executable_path/Frameworks";
				PRODUCT_NAME = "$(TARGET_NAME)";
			};
			name = Release;
		};
		D8BA6CDD1977379C0086B737 /* Debug */ = {
			isa = XCBuildConfiguration;
			buildSettings = {
				BUNDLE_LOADER = "$(BUILT_PRODUCTS_DIR)/Resumod.app/Resumod";
				FRAMEWORK_SEARCH_PATHS = (
					"$(SDKROOT)/Developer/Library/Frameworks",
					"$(inherited)",
				);
				GCC_PREPROCESSOR_DEFINITIONS = (
					"DEBUG=1",
					"$(inherited)",
				);
				INFOPLIST_FILE = ResumodTests/Info.plist;
				LD_RUNPATH_SEARCH_PATHS = "$(inherited) @executable_path/Frameworks @loader_path/Frameworks";
				PRODUCT_NAME = "$(TARGET_NAME)";
				TEST_HOST = "$(BUNDLE_LOADER)";
			};
			name = Debug;
		};
		D8BA6CDE1977379C0086B737 /* Release */ = {
			isa = XCBuildConfiguration;
			buildSettings = {
				BUNDLE_LOADER = "$(BUILT_PRODUCTS_DIR)/Resumod.app/Resumod";
				FRAMEWORK_SEARCH_PATHS = (
					"$(SDKROOT)/Developer/Library/Frameworks",
					"$(inherited)",
				);
				INFOPLIST_FILE = ResumodTests/Info.plist;
				LD_RUNPATH_SEARCH_PATHS = "$(inherited) @executable_path/Frameworks @loader_path/Frameworks";
				PRODUCT_NAME = "$(TARGET_NAME)";
				TEST_HOST = "$(BUNDLE_LOADER)";
			};
			name = Release;
		};
/* End XCBuildConfiguration section */

/* Begin XCConfigurationList section */
		D8BA6CB81977379C0086B737 /* Build configuration list for PBXProject "Resumod" */ = {
			isa = XCConfigurationList;
			buildConfigurations = (
				D8BA6CD71977379C0086B737 /* Debug */,
				D8BA6CD81977379C0086B737 /* Release */,
			);
			defaultConfigurationIsVisible = 0;
			defaultConfigurationName = Release;
		};
		D8BA6CD91977379C0086B737 /* Build configuration list for PBXNativeTarget "Resumod" */ = {
			isa = XCConfigurationList;
			buildConfigurations = (
				D8BA6CDA1977379C0086B737 /* Debug */,
				D8BA6CDB1977379C0086B737 /* Release */,
			);
			defaultConfigurationIsVisible = 0;
			defaultConfigurationName = Release;
		};
		D8BA6CDC1977379C0086B737 /* Build configuration list for PBXNativeTarget "ResumodTests" */ = {
			isa = XCConfigurationList;
			buildConfigurations = (
				D8BA6CDD1977379C0086B737 /* Debug */,
				D8BA6CDE1977379C0086B737 /* Release */,
			);
			defaultConfigurationIsVisible = 0;
			defaultConfigurationName = Release;
		};
/* End XCConfigurationList section */
	};
	rootObject = D8BA6CB51977379C0086B737 /* Project object */;
}
